
Microsoft Visual Studio Solution File, Format Version 12.00
# Visual Studio 15
VisualStudioVersion = 15.0.28307.136
MinimumVisualStudioVersion = 10.0.40219.1
Project("{FAE04EC0-301F-11D3-BF4B-00C04F79EFBC}") = "RestaurantApp", "WindowsFormsApp1\RestaurantApp.csproj", "{F5D45D81-7AF8-4630-9F77-DAF4C1DD19D7}"
EndProject
Project("{FAE04EC0-301F-11D3-BF4B-00C04F79EFBC}") = "DatabaseData", "DatabaseData\DatabaseData\DatabaseData.csproj", "{5E98E9D9-7D22-4497-A640-1D453F10192A}"
EndProject
Project("{FAE04EC0-301F-11D3-BF4B-00C04F79EFBC}") = "DataAccess", "DataAccess\DataAccess.csproj", "{E85EA8AC-F544-486A-9E82-0587536D64E2}"
EndProject
Global
	GlobalSection(SolutionConfigurationPlatforms) = preSolution
		Debug|Any CPU = Debug|Any CPU
		Release|Any CPU = Release|Any CPU
	EndGlobalSection
	GlobalSection(ProjectConfigurationPlatforms) = postSolution
		{F5D45D81-7AF8-4630-9F77-DAF4C1DD19D7}.Debug|Any CPU.ActiveCfg = Debug|Any CPU
		{F5D45D81-7AF8-4630-9F77-DAF4C1DD19D7}.Debug|Any CPU.Build.0 = Debug|Any CPU
		{F5D45D81-7AF8-4630-9F77-DAF4C1DD19D7}.Release|Any CPU.ActiveCfg = Release|Any CPU
		{F5D45D81-7AF8-4630-9F77-DAF4C1DD19D7}.Release|Any CPU.Build.0 = Release|Any CPU
		{5E98E9D9-7D22-4497-A640-1D453F10192A}.Debug|Any CPU.ActiveCfg = Debug|Any CPU
		{5E98E9D9-7D22-4497-A640-1D453F10192A}.Debug|Any CPU.Build.0 = Debug|Any CPU
		{5E98E9D9-7D22-4497-A640-1D453F10192A}.Release|Any CPU.ActiveCfg = Release|Any CPU
		{5E98E9D9-7D22-4497-A640-1D453F10192A}.Release|Any CPU.Build.0 = Release|Any CPU
		{E85EA8AC-F544-486A-9E82-0587536D64E2}.Debug|Any CPU.ActiveCfg = Debug|Any CPU
		{E85EA8AC-F544-486A-9E82-0587536D64E2}.Debug|Any CPU.Build.0 = Debug|Any CPU
		{E85EA8AC-F544-486A-9E82-0587536D64E2}.Release|Any CPU.ActiveCfg = Release|Any CPU
		{E85EA8AC-F544-486A-9E82-0587536D64E2}.Release|Any CPU.Build.0 = Release|Any CPU
	EndGlobalSection
	GlobalSection(SolutionProperties) = preSolution
		HideSolutionNode = FALSE
	EndGlobalSection
	GlobalSection(ExtensibilityGlobals) = postSolution
		SolutionGuid = {223460A3-9FBC-4E3B-9021-20C4523D903A}
	EndGlobalSection
EndGlobal
